// !$*UTF8*$!
{
	archiveVersion = 1;
	classes = {
	};
	objectVersion = 46;
	objects = {

/* Begin PBXBuildFile section */
		153FDE291DD063FD1A929703 /* Pods_Makestagram.framework in Frameworks */ = {isa = PBXBuildFile; fileRef = 837E8DB1140E3C18464FF6A5 /* Pods_Makestagram.framework */; };
		62551B961B06C2F5000913E4 /* Social.framework in Frameworks */ = {isa = PBXBuildFile; fileRef = 62551B951B06C2F5000913E4 /* Social.framework */; };
		62551B981B06C2FD000913E4 /* Accounts.framework in Frameworks */ = {isa = PBXBuildFile; fileRef = 62551B971B06C2FD000913E4 /* Accounts.framework */; };
		62551B9A1B06C31F000913E4 /* CoreLocation.framework in Frameworks */ = {isa = PBXBuildFile; fileRef = 62551B991B06C31F000913E4 /* CoreLocation.framework */; };
		62551B9C1B06C327000913E4 /* SystemConfiguration.framework in Frameworks */ = {isa = PBXBuildFile; fileRef = 62551B9B1B06C327000913E4 /* SystemConfiguration.framework */; };
		62551B9E1B06C354000913E4 /* MobileCoreServices.framework in Frameworks */ = {isa = PBXBuildFile; fileRef = 62551B9D1B06C354000913E4 /* MobileCoreServices.framework */; };
		62551BA01B06C35B000913E4 /* AudioToolbox.framework in Frameworks */ = {isa = PBXBuildFile; fileRef = 62551B9F1B06C35B000913E4 /* AudioToolbox.framework */; };
		62551BA21B06C373000913E4 /* libsqlite3.dylib in Frameworks */ = {isa = PBXBuildFile; fileRef = 62551BA11B06C373000913E4 /* libsqlite3.dylib */; };
		6277189F1B0A58E800AF5C6E /* ErrorHandling.swift in Sources */ = {isa = PBXBuildFile; fileRef = 6277189D1B0A58E800AF5C6E /* ErrorHandling.swift */; };
		627718A01B0A58E800AF5C6E /* ParseLoginHelper.swift in Sources */ = {isa = PBXBuildFile; fileRef = 6277189E1B0A58E800AF5C6E /* ParseLoginHelper.swift */; };
		62A07D661B1F79F2001F6916 /* libstdc++.6.dylib in Frameworks */ = {isa = PBXBuildFile; fileRef = 62A07D651B1F79F2001F6916 /* libstdc++.6.dylib */; };
		62C8C1E61B06BD6500DC3EA7 /* AppDelegate.swift in Sources */ = {isa = PBXBuildFile; fileRef = 62C8C1E51B06BD6500DC3EA7 /* AppDelegate.swift */; };
		62C8C1FC1B06BD6500DC3EA7 /* MakestagramTests.swift in Sources */ = {isa = PBXBuildFile; fileRef = 62C8C1FB1B06BD6500DC3EA7 /* MakestagramTests.swift */; };
		D0B2E07877D88AB69EF01B0A /* Pods_MakestagramTests.framework in Frameworks */ = {isa = PBXBuildFile; fileRef = 703CF3C59792EB368E60A0BA /* Pods_MakestagramTests.framework */; };
		E2368B711D1CA15E003B0638 /* ParseLoginHelper+Delegate.swift in Sources */ = {isa = PBXBuildFile; fileRef = E2368B701D1CA15E003B0638 /* ParseLoginHelper+Delegate.swift */; };
		E2E153EB1D1D980D0094BFCE /* TimelineViewController.swift in Sources */ = {isa = PBXBuildFile; fileRef = E2E153EA1D1D980D0094BFCE /* TimelineViewController.swift */; };
		E2E153ED1D1D981B0094BFCE /* PhotoViewController.swift in Sources */ = {isa = PBXBuildFile; fileRef = E2E153EC1D1D981B0094BFCE /* PhotoViewController.swift */; };
		E2E153EF1D1D98290094BFCE /* FriendSearchViewController.swift in Sources */ = {isa = PBXBuildFile; fileRef = E2E153EE1D1D98290094BFCE /* FriendSearchViewController.swift */; };
		E2E153FA1D1D983E0094BFCE /* Filter.swift in Sources */ = {isa = PBXBuildFile; fileRef = E2E153F01D1D983E0094BFCE /* Filter.swift */; };
		E2E153FB1D1D983E0094BFCE /* FilterCollectionViewCell.swift in Sources */ = {isa = PBXBuildFile; fileRef = E2E153F11D1D983E0094BFCE /* FilterCollectionViewCell.swift */; };
		E2E153FC1D1D983E0094BFCE /* FilterCollectionViewCell.xib in Resources */ = {isa = PBXBuildFile; fileRef = E2E153F21D1D983E0094BFCE /* FilterCollectionViewCell.xib */; };
		E2E153FD1D1D983E0094BFCE /* filter_normal.png in Resources */ = {isa = PBXBuildFile; fileRef = E2E153F41D1D983E0094BFCE /* filter_normal.png */; };
		E2E153FE1D1D983E0094BFCE /* filter_sepia.png in Resources */ = {isa = PBXBuildFile; fileRef = E2E153F51D1D983E0094BFCE /* filter_sepia.png */; };
		E2E153FF1D1D983E0094BFCE /* filter_vibrant.png in Resources */ = {isa = PBXBuildFile; fileRef = E2E153F61D1D983E0094BFCE /* filter_vibrant.png */; };
		E2E154001D1D983E0094BFCE /* filter_vignette.png in Resources */ = {isa = PBXBuildFile; fileRef = E2E153F71D1D983E0094BFCE /* filter_vignette.png */; };
		E2E154011D1D983E0094BFCE /* FilterViewController.swift in Sources */ = {isa = PBXBuildFile; fileRef = E2E153F81D1D983E0094BFCE /* FilterViewController.swift */; };
		E2E154021D1D983E0094BFCE /* FilterViewController.xib in Resources */ = {isa = PBXBuildFile; fileRef = E2E153F91D1D983E0094BFCE /* FilterViewController.xib */; };
		E2E154041D1D98480094BFCE /* DataManager.swift in Sources */ = {isa = PBXBuildFile; fileRef = E2E154031D1D98480094BFCE /* DataManager.swift */; };
		E2E1540D1D1D98740094BFCE /* LaunchScreen.xib in Resources */ = {isa = PBXBuildFile; fileRef = E2E154061D1D98740094BFCE /* LaunchScreen.xib */; };
		E2E1540E1D1D98740094BFCE /* Main.storyboard in Resources */ = {isa = PBXBuildFile; fileRef = E2E154081D1D98740094BFCE /* Main.storyboard */; };
		E2E1540F1D1D98740094BFCE /* Images.xcassets in Resources */ = {isa = PBXBuildFile; fileRef = E2E1540A1D1D98740094BFCE /* Images.xcassets */; };
		E2E154141D1D9CA10094BFCE /* PhotoTakingHelper.swift in Sources */ = {isa = PBXBuildFile; fileRef = E2E154131D1D9CA10094BFCE /* PhotoTakingHelper.swift */; };
		E2E154171D1DAA2C0094BFCE /* Info.plist in Resources */ = {isa = PBXBuildFile; fileRef = E2E154161D1DAA2C0094BFCE /* Info.plist */; };
		E2E1541A1D1DB67E0094BFCE /* Post.swift in Sources */ = {isa = PBXBuildFile; fileRef = E2E154191D1DB67E0094BFCE /* Post.swift */; };
/* End PBXBuildFile section */

/* Begin PBXContainerItemProxy section */
		62C8C1F61B06BD6500DC3EA7 /* PBXContainerItemProxy */ = {
			isa = PBXContainerItemProxy;
			containerPortal = 62C8C1D81B06BD6500DC3EA7 /* Project object */;
			proxyType = 1;
			remoteGlobalIDString = 62C8C1DF1B06BD6500DC3EA7;
			remoteInfo = Makestagram;
		};
/* End PBXContainerItemProxy section */

/* Begin PBXCopyFilesBuildPhase section */
		62A07D1C1B1E56C2001F6916 /* Embed Frameworks */ = {
			isa = PBXCopyFilesBuildPhase;
			buildActionMask = 2147483647;
			dstPath = "";
			dstSubfolderSpec = 10;
			files = (
			);
			name = "Embed Frameworks";
			runOnlyForDeploymentPostprocessing = 0;
		};
/* End PBXCopyFilesBuildPhase section */

/* Begin PBXFileReference section */
		2E1AE507EDD2D18E4D8E4173 /* Pods-Makestagram.debug.xcconfig */ = {isa = PBXFileReference; includeInIndex = 1; lastKnownFileType = text.xcconfig; name = "Pods-Makestagram.debug.xcconfig"; path = "Pods/Target Support Files/Pods-Makestagram/Pods-Makestagram.debug.xcconfig"; sourceTree = "<group>"; };
		62551B951B06C2F5000913E4 /* Social.framework */ = {isa = PBXFileReference; lastKnownFileType = wrapper.framework; name = Social.framework; path = System/Library/Frameworks/Social.framework; sourceTree = SDKROOT; };
		62551B971B06C2FD000913E4 /* Accounts.framework */ = {isa = PBXFileReference; lastKnownFileType = wrapper.framework; name = Accounts.framework; path = System/Library/Frameworks/Accounts.framework; sourceTree = SDKROOT; };
		62551B991B06C31F000913E4 /* CoreLocation.framework */ = {isa = PBXFileReference; lastKnownFileType = wrapper.framework; name = CoreLocation.framework; path = System/Library/Frameworks/CoreLocation.framework; sourceTree = SDKROOT; };
		62551B9B1B06C327000913E4 /* SystemConfiguration.framework */ = {isa = PBXFileReference; lastKnownFileType = wrapper.framework; name = SystemConfiguration.framework; path = System/Library/Frameworks/SystemConfiguration.framework; sourceTree = SDKROOT; };
		62551B9D1B06C354000913E4 /* MobileCoreServices.framework */ = {isa = PBXFileReference; lastKnownFileType = wrapper.framework; name = MobileCoreServices.framework; path = System/Library/Frameworks/MobileCoreServices.framework; sourceTree = SDKROOT; };
		62551B9F1B06C35B000913E4 /* AudioToolbox.framework */ = {isa = PBXFileReference; lastKnownFileType = wrapper.framework; name = AudioToolbox.framework; path = System/Library/Frameworks/AudioToolbox.framework; sourceTree = SDKROOT; };
		62551BA11B06C373000913E4 /* libsqlite3.dylib */ = {isa = PBXFileReference; lastKnownFileType = "compiled.mach-o.dylib"; name = libsqlite3.dylib; path = usr/lib/libsqlite3.dylib; sourceTree = SDKROOT; };
		6277189D1B0A58E800AF5C6E /* ErrorHandling.swift */ = {isa = PBXFileReference; fileEncoding = 4; lastKnownFileType = sourcecode.swift; path = ErrorHandling.swift; sourceTree = "<group>"; };
		6277189E1B0A58E800AF5C6E /* ParseLoginHelper.swift */ = {isa = PBXFileReference; fileEncoding = 4; lastKnownFileType = sourcecode.swift; path = ParseLoginHelper.swift; sourceTree = "<group>"; };
		62A07D651B1F79F2001F6916 /* libstdc++.6.dylib */ = {isa = PBXFileReference; lastKnownFileType = "compiled.mach-o.dylib"; name = "libstdc++.6.dylib"; path = "usr/lib/libstdc++.6.dylib"; sourceTree = SDKROOT; };
		62C8C1E01B06BD6500DC3EA7 /* Makestagram.app */ = {isa = PBXFileReference; explicitFileType = wrapper.application; includeInIndex = 0; path = Makestagram.app; sourceTree = BUILT_PRODUCTS_DIR; };
		62C8C1E51B06BD6500DC3EA7 /* AppDelegate.swift */ = {isa = PBXFileReference; lastKnownFileType = sourcecode.swift; path = AppDelegate.swift; sourceTree = "<group>"; };
		62C8C1F51B06BD6500DC3EA7 /* MakestagramTests.xctest */ = {isa = PBXFileReference; explicitFileType = wrapper.cfbundle; includeInIndex = 0; path = MakestagramTests.xctest; sourceTree = BUILT_PRODUCTS_DIR; };
		62C8C1FA1B06BD6500DC3EA7 /* Info.plist */ = {isa = PBXFileReference; lastKnownFileType = text.plist.xml; path = Info.plist; sourceTree = "<group>"; };
		62C8C1FB1B06BD6500DC3EA7 /* MakestagramTests.swift */ = {isa = PBXFileReference; lastKnownFileType = sourcecode.swift; path = MakestagramTests.swift; sourceTree = "<group>"; };
		703CF3C59792EB368E60A0BA /* Pods_MakestagramTests.framework */ = {isa = PBXFileReference; explicitFileType = wrapper.framework; includeInIndex = 0; path = Pods_MakestagramTests.framework; sourceTree = BUILT_PRODUCTS_DIR; };
		834FCE58AF54F93929465659 /* Pods-MakestagramTests.debug.xcconfig */ = {isa = PBXFileReference; includeInIndex = 1; lastKnownFileType = text.xcconfig; name = "Pods-MakestagramTests.debug.xcconfig"; path = "Pods/Target Support Files/Pods-MakestagramTests/Pods-MakestagramTests.debug.xcconfig"; sourceTree = "<group>"; };
		837E8DB1140E3C18464FF6A5 /* Pods_Makestagram.framework */ = {isa = PBXFileReference; explicitFileType = wrapper.framework; includeInIndex = 0; path = Pods_Makestagram.framework; sourceTree = BUILT_PRODUCTS_DIR; };
		E2368B701D1CA15E003B0638 /* ParseLoginHelper+Delegate.swift */ = {isa = PBXFileReference; fileEncoding = 4; lastKnownFileType = sourcecode.swift; path = "ParseLoginHelper+Delegate.swift"; sourceTree = "<group>"; };
		E2E153EA1D1D980D0094BFCE /* TimelineViewController.swift */ = {isa = PBXFileReference; fileEncoding = 4; lastKnownFileType = sourcecode.swift; name = TimelineViewController.swift; path = Timeline/TimelineViewController.swift; sourceTree = "<group>"; };
		E2E153EC1D1D981B0094BFCE /* PhotoViewController.swift */ = {isa = PBXFileReference; fileEncoding = 4; lastKnownFileType = sourcecode.swift; name = PhotoViewController.swift; path = PhotoTaking/PhotoViewController.swift; sourceTree = "<group>"; };
		E2E153EE1D1D98290094BFCE /* FriendSearchViewController.swift */ = {isa = PBXFileReference; fileEncoding = 4; lastKnownFileType = sourcecode.swift; name = FriendSearchViewController.swift; path = "Friend Search/FriendSearchViewController.swift"; sourceTree = "<group>"; };
		E2E153F01D1D983E0094BFCE /* Filter.swift */ = {isa = PBXFileReference; fileEncoding = 4; lastKnownFileType = sourcecode.swift; name = Filter.swift; path = Makestagram/FilterViewController/Filter.swift; sourceTree = SOURCE_ROOT; };
		E2E153F11D1D983E0094BFCE /* FilterCollectionViewCell.swift */ = {isa = PBXFileReference; fileEncoding = 4; lastKnownFileType = sourcecode.swift; name = FilterCollectionViewCell.swift; path = Makestagram/FilterViewController/FilterCollectionViewCell.swift; sourceTree = SOURCE_ROOT; };
		E2E153F21D1D983E0094BFCE /* FilterCollectionViewCell.xib */ = {isa = PBXFileReference; fileEncoding = 4; lastKnownFileType = file.xib; name = FilterCollectionViewCell.xib; path = Makestagram/FilterViewController/FilterCollectionViewCell.xib; sourceTree = SOURCE_ROOT; };
		E2E153F41D1D983E0094BFCE /* filter_normal.png */ = {isa = PBXFileReference; lastKnownFileType = image.png; path = filter_normal.png; sourceTree = "<group>"; };
		E2E153F51D1D983E0094BFCE /* filter_sepia.png */ = {isa = PBXFileReference; lastKnownFileType = image.png; path = filter_sepia.png; sourceTree = "<group>"; };
		E2E153F61D1D983E0094BFCE /* filter_vibrant.png */ = {isa = PBXFileReference; lastKnownFileType = image.png; path = filter_vibrant.png; sourceTree = "<group>"; };
		E2E153F71D1D983E0094BFCE /* filter_vignette.png */ = {isa = PBXFileReference; lastKnownFileType = image.png; path = filter_vignette.png; sourceTree = "<group>"; };
		E2E153F81D1D983E0094BFCE /* FilterViewController.swift */ = {isa = PBXFileReference; fileEncoding = 4; lastKnownFileType = sourcecode.swift; name = FilterViewController.swift; path = Makestagram/FilterViewController/FilterViewController.swift; sourceTree = SOURCE_ROOT; };
		E2E153F91D1D983E0094BFCE /* FilterViewController.xib */ = {isa = PBXFileReference; fileEncoding = 4; lastKnownFileType = file.xib; name = FilterViewController.xib; path = Makestagram/FilterViewController/FilterViewController.xib; sourceTree = SOURCE_ROOT; };
		E2E154031D1D98480094BFCE /* DataManager.swift */ = {isa = PBXFileReference; fileEncoding = 4; lastKnownFileType = sourcecode.swift; name = DataManager.swift; path = DataManager/DataManager.swift; sourceTree = "<group>"; };
		E2E154071D1D98740094BFCE /* Base */ = {isa = PBXFileReference; lastKnownFileType = file.xib; name = Base; path = LaunchScreen.xib; sourceTree = "<group>"; };
		E2E154091D1D98740094BFCE /* Base */ = {isa = PBXFileReference; lastKnownFileType = file.storyboard; name = Base; path = Main.storyboard; sourceTree = "<group>"; };
		E2E1540A1D1D98740094BFCE /* Images.xcassets */ = {isa = PBXFileReference; lastKnownFileType = folder.assetcatalog; name = Images.xcassets; path = "Supporting Files/Images.xcassets"; sourceTree = "<group>"; };
		E2E154131D1D9CA10094BFCE /* PhotoTakingHelper.swift */ = {isa = PBXFileReference; fileEncoding = 4; lastKnownFileType = sourcecode.swift; name = PhotoTakingHelper.swift; path = PhotoTaking/PhotoTakingHelper.swift; sourceTree = "<group>"; };
		E2E154151D1DA9DB0094BFCE /* Makestagram-Bridging-Header.h */ = {isa = PBXFileReference; fileEncoding = 4; lastKnownFileType = sourcecode.c.h; path = "Makestagram-Bridging-Header.h"; sourceTree = "<group>"; };
		E2E154161D1DAA2C0094BFCE /* Info.plist */ = {isa = PBXFileReference; fileEncoding = 4; lastKnownFileType = text.plist.xml; path = Info.plist; sourceTree = "<group>"; };
		E2E154191D1DB67E0094BFCE /* Post.swift */ = {isa = PBXFileReference; fileEncoding = 4; lastKnownFileType = sourcecode.swift; name = Post.swift; path = DataModel/Post.swift; sourceTree = "<group>"; };
		E90EF6307DCCDD1C8928B547 /* Pods-Makestagram.release.xcconfig */ = {isa = PBXFileReference; includeInIndex = 1; lastKnownFileType = text.xcconfig; name = "Pods-Makestagram.release.xcconfig"; path = "Pods/Target Support Files/Pods-Makestagram/Pods-Makestagram.release.xcconfig"; sourceTree = "<group>"; };
		FF256A4E587B0B3A692AEB12 /* Pods-MakestagramTests.release.xcconfig */ = {isa = PBXFileReference; includeInIndex = 1; lastKnownFileType = text.xcconfig; name = "Pods-MakestagramTests.release.xcconfig"; path = "Pods/Target Support Files/Pods-MakestagramTests/Pods-MakestagramTests.release.xcconfig"; sourceTree = "<group>"; };
/* End PBXFileReference section */

/* Begin PBXFrameworksBuildPhase section */
		62C8C1DD1B06BD6500DC3EA7 /* Frameworks */ = {
			isa = PBXFrameworksBuildPhase;
			buildActionMask = 2147483647;
			files = (
				62A07D661B1F79F2001F6916 /* libstdc++.6.dylib in Frameworks */,
				62551BA21B06C373000913E4 /* libsqlite3.dylib in Frameworks */,
				62551BA01B06C35B000913E4 /* AudioToolbox.framework in Frameworks */,
				62551B9E1B06C354000913E4 /* MobileCoreServices.framework in Frameworks */,
				62551B9C1B06C327000913E4 /* SystemConfiguration.framework in Frameworks */,
				62551B9A1B06C31F000913E4 /* CoreLocation.framework in Frameworks */,
				62551B981B06C2FD000913E4 /* Accounts.framework in Frameworks */,
				62551B961B06C2F5000913E4 /* Social.framework in Frameworks */,
				153FDE291DD063FD1A929703 /* Pods_Makestagram.framework in Frameworks */,
			);
			runOnlyForDeploymentPostprocessing = 0;
		};
		62C8C1F21B06BD6500DC3EA7 /* Frameworks */ = {
			isa = PBXFrameworksBuildPhase;
			buildActionMask = 2147483647;
			files = (
				D0B2E07877D88AB69EF01B0A /* Pods_MakestagramTests.framework in Frameworks */,
			);
			runOnlyForDeploymentPostprocessing = 0;
		};
/* End PBXFrameworksBuildPhase section */

/* Begin PBXGroup section */
		62551B621B06BF33000913E4 /* Frameworks */ = {
			isa = PBXGroup;
			children = (
				62A07D651B1F79F2001F6916 /* libstdc++.6.dylib */,
				62551BA11B06C373000913E4 /* libsqlite3.dylib */,
				62551B9F1B06C35B000913E4 /* AudioToolbox.framework */,
				62551B9D1B06C354000913E4 /* MobileCoreServices.framework */,
				62551B9B1B06C327000913E4 /* SystemConfiguration.framework */,
				62551B991B06C31F000913E4 /* CoreLocation.framework */,
				62551B971B06C2FD000913E4 /* Accounts.framework */,
				62551B951B06C2F5000913E4 /* Social.framework */,
				837E8DB1140E3C18464FF6A5 /* Pods_Makestagram.framework */,
				703CF3C59792EB368E60A0BA /* Pods_MakestagramTests.framework */,
			);
			name = Frameworks;
			sourceTree = "<group>";
		};
		627718821B0A581600AF5C6E /* Filter View Controller */ = {
			isa = PBXGroup;
			children = (
				E2E153F01D1D983E0094BFCE /* Filter.swift */,
				E2E153F11D1D983E0094BFCE /* FilterCollectionViewCell.swift */,
				E2E153F21D1D983E0094BFCE /* FilterCollectionViewCell.xib */,
				E2E153F31D1D983E0094BFCE /* FilterPreviewImages */,
				E2E153F81D1D983E0094BFCE /* FilterViewController.swift */,
				E2E153F91D1D983E0094BFCE /* FilterViewController.xib */,
			);
			name = "Filter View Controller";
			path = ViewControllers/FilterViewController;
			sourceTree = "<group>";
		};
		6277189C1B0A58E800AF5C6E /* Helpers */ = {
			isa = PBXGroup;
			children = (
				6277189D1B0A58E800AF5C6E /* ErrorHandling.swift */,
				6277189E1B0A58E800AF5C6E /* ParseLoginHelper.swift */,
				E2368B701D1CA15E003B0638 /* ParseLoginHelper+Delegate.swift */,
			);
			path = Helpers;
			sourceTree = "<group>";
		};
		62C8C1D71B06BD6500DC3EA7 = {
			isa = PBXGroup;
			children = (
				62551B621B06BF33000913E4 /* Frameworks */,
				62C8C1E21B06BD6500DC3EA7 /* Makestagram */,
				62C8C1F81B06BD6500DC3EA7 /* MakestagramTests */,
				62C8C1E11B06BD6500DC3EA7 /* Products */,
				D5AC80CB111FD63A4816B224 /* Pods */,
			);
			sourceTree = "<group>";
		};
		62C8C1E11B06BD6500DC3EA7 /* Products */ = {
			isa = PBXGroup;
			children = (
				62C8C1E01B06BD6500DC3EA7 /* Makestagram.app */,
				62C8C1F51B06BD6500DC3EA7 /* MakestagramTests.xctest */,
			);
			name = Products;
			sourceTree = "<group>";
		};
		62C8C1E21B06BD6500DC3EA7 /* Makestagram */ = {
			isa = PBXGroup;
			children = (
				62C8C1E51B06BD6500DC3EA7 /* AppDelegate.swift */,
				E2368B7B1D1CABC6003B0638 /* Timeline */,
				E2368B7E1D1CFB53003B0638 /* PhotoTaking */,
				E2368B7D1D1CABD9003B0638 /* Friend Search */,
				627718821B0A581600AF5C6E /* Filter View Controller */,
				6277189C1B0A58E800AF5C6E /* Helpers */,
				E2E154181D1DB61B0094BFCE /* DataModel */,
				E2368B721D1CA363003B0638 /* DataManager */,
				E2E154081D1D98740094BFCE /* Main.storyboard */,
				62C8C1E31B06BD6500DC3EA7 /* Supporting Files */,
			);
			path = Makestagram;
			sourceTree = "<group>";
		};
		62C8C1E31B06BD6500DC3EA7 /* Supporting Files */ = {
			isa = PBXGroup;
			children = (
				E2E154161D1DAA2C0094BFCE /* Info.plist */,
				E2E154151D1DA9DB0094BFCE /* Makestagram-Bridging-Header.h */,
				E2E154061D1D98740094BFCE /* LaunchScreen.xib */,
				E2E1540A1D1D98740094BFCE /* Images.xcassets */,
			);
			name = "Supporting Files";
			sourceTree = "<group>";
		};
		62C8C1F81B06BD6500DC3EA7 /* MakestagramTests */ = {
			isa = PBXGroup;
			children = (
				62C8C1FB1B06BD6500DC3EA7 /* MakestagramTests.swift */,
				62C8C1F91B06BD6500DC3EA7 /* Supporting Files */,
			);
			path = MakestagramTests;
			sourceTree = "<group>";
		};
		62C8C1F91B06BD6500DC3EA7 /* Supporting Files */ = {
			isa = PBXGroup;
			children = (
				62C8C1FA1B06BD6500DC3EA7 /* Info.plist */,
			);
			name = "Supporting Files";
			sourceTree = "<group>";
		};
		D5AC80CB111FD63A4816B224 /* Pods */ = {
			isa = PBXGroup;
			children = (
				2E1AE507EDD2D18E4D8E4173 /* Pods-Makestagram.debug.xcconfig */,
				E90EF6307DCCDD1C8928B547 /* Pods-Makestagram.release.xcconfig */,
				834FCE58AF54F93929465659 /* Pods-MakestagramTests.debug.xcconfig */,
				FF256A4E587B0B3A692AEB12 /* Pods-MakestagramTests.release.xcconfig */,
			);
			name = Pods;
			sourceTree = "<group>";
		};
		E2368B721D1CA363003B0638 /* DataManager */ = {
			isa = PBXGroup;
			children = (
				E2E154031D1D98480094BFCE /* DataManager.swift */,
			);
			name = DataManager;
			sourceTree = "<group>";
		};
		E2368B7B1D1CABC6003B0638 /* Timeline */ = {
			isa = PBXGroup;
			children = (
				E2E153EA1D1D980D0094BFCE /* TimelineViewController.swift */,
			);
			name = Timeline;
			sourceTree = "<group>";
		};
		E2368B7D1D1CABD9003B0638 /* Friend Search */ = {
			isa = PBXGroup;
			children = (
				E2E153EE1D1D98290094BFCE /* FriendSearchViewController.swift */,
			);
			name = "Friend Search";
			sourceTree = "<group>";
		};
		E2368B7E1D1CFB53003B0638 /* PhotoTaking */ = {
			isa = PBXGroup;
			children = (
				E2E153EC1D1D981B0094BFCE /* PhotoViewController.swift */,
				E2E154131D1D9CA10094BFCE /* PhotoTakingHelper.swift */,
			);
			name = PhotoTaking;
			sourceTree = "<group>";
		};
		E2E153F31D1D983E0094BFCE /* FilterPreviewImages */ = {
			isa = PBXGroup;
			children = (
				E2E153F41D1D983E0094BFCE /* filter_normal.png */,
				E2E153F51D1D983E0094BFCE /* filter_sepia.png */,
				E2E153F61D1D983E0094BFCE /* filter_vibrant.png */,
				E2E153F71D1D983E0094BFCE /* filter_vignette.png */,
			);
			name = FilterPreviewImages;
			path = Makestagram/FilterViewController/FilterPreviewImages;
			sourceTree = SOURCE_ROOT;
		};
		E2E154181D1DB61B0094BFCE /* DataModel */ = {
			isa = PBXGroup;
			children = (
				E2E154191D1DB67E0094BFCE /* Post.swift */,
			);
			name = DataModel;
			sourceTree = "<group>";
		};
/* End PBXGroup section */

/* Begin PBXNativeTarget section */
		62C8C1DF1B06BD6500DC3EA7 /* Makestagram */ = {
			isa = PBXNativeTarget;
			buildConfigurationList = 62C8C1FF1B06BD6500DC3EA7 /* Build configuration list for PBXNativeTarget "Makestagram" */;
			buildPhases = (
				43DE8DF9CDBB8896F01CC2F7 /* 📦 Check Pods Manifest.lock */,
				62C8C1DC1B06BD6500DC3EA7 /* Sources */,
				62C8C1DD1B06BD6500DC3EA7 /* Frameworks */,
				62C8C1DE1B06BD6500DC3EA7 /* Resources */,
				62A07D1C1B1E56C2001F6916 /* Embed Frameworks */,
				213E46590226AB914372C349 /* 📦 Embed Pods Frameworks */,
				4239BD255721D9EBEB06EFF3 /* 📦 Copy Pods Resources */,
			);
			buildRules = (
			);
			dependencies = (
			);
			name = Makestagram;
			productName = Makestagram;
			productReference = 62C8C1E01B06BD6500DC3EA7 /* Makestagram.app */;
			productType = "com.apple.product-type.application";
		};
		62C8C1F41B06BD6500DC3EA7 /* MakestagramTests */ = {
			isa = PBXNativeTarget;
			buildConfigurationList = 62C8C2021B06BD6500DC3EA7 /* Build configuration list for PBXNativeTarget "MakestagramTests" */;
			buildPhases = (
				D1B49D6C0F950A9071AB9174 /* 📦 Check Pods Manifest.lock */,
				62C8C1F11B06BD6500DC3EA7 /* Sources */,
				62C8C1F21B06BD6500DC3EA7 /* Frameworks */,
				62C8C1F31B06BD6500DC3EA7 /* Resources */,
				750ABF87A38F93C6588A9408 /* 📦 Embed Pods Frameworks */,
				795AD5A45BCA668A6851D41F /* 📦 Copy Pods Resources */,
			);
			buildRules = (
			);
			dependencies = (
				62C8C1F71B06BD6500DC3EA7 /* PBXTargetDependency */,
			);
			name = MakestagramTests;
			productName = MakestagramTests;
			productReference = 62C8C1F51B06BD6500DC3EA7 /* MakestagramTests.xctest */;
			productType = "com.apple.product-type.bundle.unit-test";
		};
/* End PBXNativeTarget section */

/* Begin PBXProject section */
		62C8C1D81B06BD6500DC3EA7 /* Project object */ = {
			isa = PBXProject;
			attributes = {
				LastSwiftMigration = 0700;
				LastSwiftUpdateCheck = 0700;
				LastUpgradeCheck = 0700;
				ORGANIZATIONNAME = "Make School";
				TargetAttributes = {
					62C8C1DF1B06BD6500DC3EA7 = {
						CreatedOnToolsVersion = 6.3;
					};
					62C8C1F41B06BD6500DC3EA7 = {
						CreatedOnToolsVersion = 6.3;
						TestTargetID = 62C8C1DF1B06BD6500DC3EA7;
					};
				};
			};
			buildConfigurationList = 62C8C1DB1B06BD6500DC3EA7 /* Build configuration list for PBXProject "Makestagram" */;
			compatibilityVersion = "Xcode 3.2";
			developmentRegion = English;
			hasScannedForEncodings = 0;
			knownRegions = (
				en,
				Base,
			);
			mainGroup = 62C8C1D71B06BD6500DC3EA7;
			productRefGroup = 62C8C1E11B06BD6500DC3EA7 /* Products */;
			projectDirPath = "";
			projectRoot = "";
			targets = (
				62C8C1DF1B06BD6500DC3EA7 /* Makestagram */,
				62C8C1F41B06BD6500DC3EA7 /* MakestagramTests */,
			);
		};
/* End PBXProject section */

/* Begin PBXResourcesBuildPhase section */
		62C8C1DE1B06BD6500DC3EA7 /* Resources */ = {
			isa = PBXResourcesBuildPhase;
			buildActionMask = 2147483647;
			files = (
				E2E1540D1D1D98740094BFCE /* LaunchScreen.xib in Resources */,
				E2E153FD1D1D983E0094BFCE /* filter_normal.png in Resources */,
				E2E154001D1D983E0094BFCE /* filter_vignette.png in Resources */,
				E2E153FF1D1D983E0094BFCE /* filter_vibrant.png in Resources */,
				E2E1540E1D1D98740094BFCE /* Main.storyboard in Resources */,
				E2E153FE1D1D983E0094BFCE /* filter_sepia.png in Resources */,
				E2E153FC1D1D983E0094BFCE /* FilterCollectionViewCell.xib in Resources */,
				E2E1540F1D1D98740094BFCE /* Images.xcassets in Resources */,
				E2E154171D1DAA2C0094BFCE /* Info.plist in Resources */,
				E2E154021D1D983E0094BFCE /* FilterViewController.xib in Resources */,
			);
			runOnlyForDeploymentPostprocessing = 0;
		};
		62C8C1F31B06BD6500DC3EA7 /* Resources */ = {
			isa = PBXResourcesBuildPhase;
			buildActionMask = 2147483647;
			files = (
			);
			runOnlyForDeploymentPostprocessing = 0;
		};
/* End PBXResourcesBuildPhase section */

/* Begin PBXShellScriptBuildPhase section */
		213E46590226AB914372C349 /* 📦 Embed Pods Frameworks */ = {
			isa = PBXShellScriptBuildPhase;
			buildActionMask = 2147483647;
			files = (
			);
			inputPaths = (
			);
			name = "📦 Embed Pods Frameworks";
			outputPaths = (
			);
			runOnlyForDeploymentPostprocessing = 0;
			shellPath = /bin/sh;
			shellScript = "\"${SRCROOT}/Pods/Target Support Files/Pods-Makestagram/Pods-Makestagram-frameworks.sh\"\n";
			showEnvVarsInLog = 0;
		};
		4239BD255721D9EBEB06EFF3 /* 📦 Copy Pods Resources */ = {
			isa = PBXShellScriptBuildPhase;
			buildActionMask = 2147483647;
			files = (
			);
			inputPaths = (
			);
			name = "📦 Copy Pods Resources";
			outputPaths = (
			);
			runOnlyForDeploymentPostprocessing = 0;
			shellPath = /bin/sh;
			shellScript = "\"${SRCROOT}/Pods/Target Support Files/Pods-Makestagram/Pods-Makestagram-resources.sh\"\n";
			showEnvVarsInLog = 0;
		};
		43DE8DF9CDBB8896F01CC2F7 /* 📦 Check Pods Manifest.lock */ = {
			isa = PBXShellScriptBuildPhase;
			buildActionMask = 2147483647;
			files = (
			);
			inputPaths = (
			);
			name = "📦 Check Pods Manifest.lock";
			outputPaths = (
			);
			runOnlyForDeploymentPostprocessing = 0;
			shellPath = /bin/sh;
			shellScript = "diff \"${PODS_ROOT}/../Podfile.lock\" \"${PODS_ROOT}/Manifest.lock\" > /dev/null\nif [[ $? != 0 ]] ; then\n    cat << EOM\nerror: The sandbox is not in sync with the Podfile.lock. Run 'pod install' or update your CocoaPods installation.\nEOM\n    exit 1\nfi\n";
			showEnvVarsInLog = 0;
		};
		750ABF87A38F93C6588A9408 /* 📦 Embed Pods Frameworks */ = {
			isa = PBXShellScriptBuildPhase;
			buildActionMask = 2147483647;
			files = (
			);
			inputPaths = (
			);
			name = "📦 Embed Pods Frameworks";
			outputPaths = (
			);
			runOnlyForDeploymentPostprocessing = 0;
			shellPath = /bin/sh;
			shellScript = "\"${SRCROOT}/Pods/Target Support Files/Pods-MakestagramTests/Pods-MakestagramTests-frameworks.sh\"\n";
			showEnvVarsInLog = 0;
		};
		795AD5A45BCA668A6851D41F /* 📦 Copy Pods Resources */ = {
			isa = PBXShellScriptBuildPhase;
			buildActionMask = 2147483647;
			files = (
			);
			inputPaths = (
			);
			name = "📦 Copy Pods Resources";
			outputPaths = (
			);
			runOnlyForDeploymentPostprocessing = 0;
			shellPath = /bin/sh;
			shellScript = "\"${SRCROOT}/Pods/Target Support Files/Pods-MakestagramTests/Pods-MakestagramTests-resources.sh\"\n";
			showEnvVarsInLog = 0;
		};
		D1B49D6C0F950A9071AB9174 /* 📦 Check Pods Manifest.lock */ = {
			isa = PBXShellScriptBuildPhase;
			buildActionMask = 2147483647;
			files = (
			);
			inputPaths = (
			);
			name = "📦 Check Pods Manifest.lock";
			outputPaths = (
			);
			runOnlyForDeploymentPostprocessing = 0;
			shellPath = /bin/sh;
			shellScript = "diff \"${PODS_ROOT}/../Podfile.lock\" \"${PODS_ROOT}/Manifest.lock\" > /dev/null\nif [[ $? != 0 ]] ; then\n    cat << EOM\nerror: The sandbox is not in sync with the Podfile.lock. Run 'pod install' or update your CocoaPods installation.\nEOM\n    exit 1\nfi\n";
			showEnvVarsInLog = 0;
		};
/* End PBXShellScriptBuildPhase section */

/* Begin PBXSourcesBuildPhase section */
		62C8C1DC1B06BD6500DC3EA7 /* Sources */ = {
			isa = PBXSourcesBuildPhase;
			buildActionMask = 2147483647;
			files = (
				E2E153FB1D1D983E0094BFCE /* FilterCollectionViewCell.swift in Sources */,
				E2E154041D1D98480094BFCE /* DataManager.swift in Sources */,
				627718A01B0A58E800AF5C6E /* ParseLoginHelper.swift in Sources */,
				E2E154141D1D9CA10094BFCE /* PhotoTakingHelper.swift in Sources */,
				E2E1541A1D1DB67E0094BFCE /* Post.swift in Sources */,
				E2368B711D1CA15E003B0638 /* ParseLoginHelper+Delegate.swift in Sources */,
				E2E153EF1D1D98290094BFCE /* FriendSearchViewController.swift in Sources */,
				E2E153ED1D1D981B0094BFCE /* PhotoViewController.swift in Sources */,
				E2E154011D1D983E0094BFCE /* FilterViewController.swift in Sources */,
				E2E153EB1D1D980D0094BFCE /* TimelineViewController.swift in Sources */,
				6277189F1B0A58E800AF5C6E /* ErrorHandling.swift in Sources */,
				62C8C1E61B06BD6500DC3EA7 /* AppDelegate.swift in Sources */,
				E2E153FA1D1D983E0094BFCE /* Filter.swift in Sources */,
			);
			runOnlyForDeploymentPostprocessing = 0;
		};
		62C8C1F11B06BD6500DC3EA7 /* Sources */ = {
			isa = PBXSourcesBuildPhase;
			buildActionMask = 2147483647;
			files = (
				62C8C1FC1B06BD6500DC3EA7 /* MakestagramTests.swift in Sources */,
			);
			runOnlyForDeploymentPostprocessing = 0;
		};
/* End PBXSourcesBuildPhase section */

/* Begin PBXTargetDependency section */
		62C8C1F71B06BD6500DC3EA7 /* PBXTargetDependency */ = {
			isa = PBXTargetDependency;
			target = 62C8C1DF1B06BD6500DC3EA7 /* Makestagram */;
			targetProxy = 62C8C1F61B06BD6500DC3EA7 /* PBXContainerItemProxy */;
		};
/* End PBXTargetDependency section */

/* Begin PBXVariantGroup section */
		E2E154061D1D98740094BFCE /* LaunchScreen.xib */ = {
			isa = PBXVariantGroup;
			children = (
				E2E154071D1D98740094BFCE /* Base */,
			);
			name = LaunchScreen.xib;
			path = "Supporting Files/Base.lproj";
			sourceTree = "<group>";
		};
		E2E154081D1D98740094BFCE /* Main.storyboard */ = {
			isa = PBXVariantGroup;
			children = (
				E2E154091D1D98740094BFCE /* Base */,
			);
			name = Main.storyboard;
			path = "Supporting Files/Base.lproj";
			sourceTree = "<group>";
		};
/* End PBXVariantGroup section */

/* Begin XCBuildConfiguration section */
		62C8C1FD1B06BD6500DC3EA7 /* Debug */ = {
			isa = XCBuildConfiguration;
			buildSettings = {
				ALWAYS_SEARCH_USER_PATHS = NO;
				CLANG_CXX_LANGUAGE_STANDARD = "gnu++0x";
				CLANG_CXX_LIBRARY = "libc++";
				CLANG_ENABLE_MODULES = YES;
				CLANG_ENABLE_OBJC_ARC = YES;
				CLANG_WARN_BOOL_CONVERSION = YES;
				CLANG_WARN_CONSTANT_CONVERSION = YES;
				CLANG_WARN_DIRECT_OBJC_ISA_USAGE = YES_ERROR;
				CLANG_WARN_EMPTY_BODY = YES;
				CLANG_WARN_ENUM_CONVERSION = YES;
				CLANG_WARN_INT_CONVERSION = YES;
				CLANG_WARN_OBJC_ROOT_CLASS = YES_ERROR;
				CLANG_WARN_UNREACHABLE_CODE = YES;
				CLANG_WARN__DUPLICATE_METHOD_MATCH = YES;
				"CODE_SIGN_IDENTITY[sdk=iphoneos*]" = "iPhone Developer";
				COPY_PHASE_STRIP = NO;
				DEBUG_INFORMATION_FORMAT = "dwarf-with-dsym";
				ENABLE_STRICT_OBJC_MSGSEND = YES;
				ENABLE_TESTABILITY = YES;
				GCC_C_LANGUAGE_STANDARD = gnu99;
				GCC_DYNAMIC_NO_PIC = NO;
				GCC_NO_COMMON_BLOCKS = YES;
				GCC_OPTIMIZATION_LEVEL = 0;
				GCC_PREPROCESSOR_DEFINITIONS = (
					"DEBUG=1",
					"$(inherited)",
				);
				GCC_SYMBOLS_PRIVATE_EXTERN = NO;
				GCC_WARN_64_TO_32_BIT_CONVERSION = YES;
				GCC_WARN_ABOUT_RETURN_TYPE = YES_ERROR;
				GCC_WARN_UNDECLARED_SELECTOR = YES;
				GCC_WARN_UNINITIALIZED_AUTOS = YES_AGGRESSIVE;
				GCC_WARN_UNUSED_FUNCTION = YES;
				GCC_WARN_UNUSED_VARIABLE = YES;
				IPHONEOS_DEPLOYMENT_TARGET = 8.3;
				MTL_ENABLE_DEBUG_INFO = YES;
				ONLY_ACTIVE_ARCH = YES;
				SDKROOT = iphoneos;
				SWIFT_OPTIMIZATION_LEVEL = "-Onone";
				TARGETED_DEVICE_FAMILY = "1,2";
			};
			name = Debug;
		};
		62C8C1FE1B06BD6500DC3EA7 /* Release */ = {
			isa = XCBuildConfiguration;
			buildSettings = {
				ALWAYS_SEARCH_USER_PATHS = NO;
				CLANG_CXX_LANGUAGE_STANDARD = "gnu++0x";
				CLANG_CXX_LIBRARY = "libc++";
				CLANG_ENABLE_MODULES = YES;
				CLANG_ENABLE_OBJC_ARC = YES;
				CLANG_WARN_BOOL_CONVERSION = YES;
				CLANG_WARN_CONSTANT_CONVERSION = YES;
				CLANG_WARN_DIRECT_OBJC_ISA_USAGE = YES_ERROR;
				CLANG_WARN_EMPTY_BODY = YES;
				CLANG_WARN_ENUM_CONVERSION = YES;
				CLANG_WARN_INT_CONVERSION = YES;
				CLANG_WARN_OBJC_ROOT_CLASS = YES_ERROR;
				CLANG_WARN_UNREACHABLE_CODE = YES;
				CLANG_WARN__DUPLICATE_METHOD_MATCH = YES;
				"CODE_SIGN_IDENTITY[sdk=iphoneos*]" = "iPhone Developer";
				COPY_PHASE_STRIP = NO;
				DEBUG_INFORMATION_FORMAT = "dwarf-with-dsym";
				ENABLE_NS_ASSERTIONS = NO;
				ENABLE_STRICT_OBJC_MSGSEND = YES;
				GCC_C_LANGUAGE_STANDARD = gnu99;
				GCC_NO_COMMON_BLOCKS = YES;
				GCC_WARN_64_TO_32_BIT_CONVERSION = YES;
				GCC_WARN_ABOUT_RETURN_TYPE = YES_ERROR;
				GCC_WARN_UNDECLARED_SELECTOR = YES;
				GCC_WARN_UNINITIALIZED_AUTOS = YES_AGGRESSIVE;
				GCC_WARN_UNUSED_FUNCTION = YES;
				GCC_WARN_UNUSED_VARIABLE = YES;
				IPHONEOS_DEPLOYMENT_TARGET = 8.3;
				MTL_ENABLE_DEBUG_INFO = NO;
				SDKROOT = iphoneos;
				TARGETED_DEVICE_FAMILY = "1,2";
				VALIDATE_PRODUCT = YES;
			};
			name = Release;
		};
		62C8C2001B06BD6500DC3EA7 /* Debug */ = {
			isa = XCBuildConfiguration;
			baseConfigurationReference = 2E1AE507EDD2D18E4D8E4173 /* Pods-Makestagram.debug.xcconfig */;
			buildSettings = {
				ASSETCATALOG_COMPILER_APPICON_NAME = AppIcon;
				CLANG_ENABLE_MODULES = YES;
				EMBEDDED_CONTENT_CONTAINS_SWIFT = "$(inherited)";
				FRAMEWORK_SEARCH_PATHS = "$(inherited)";
				INFOPLIST_FILE = Makestagram/Info.plist;
				IPHONEOS_DEPLOYMENT_TARGET = 9.1;
				LD_RUNPATH_SEARCH_PATHS = "$(inherited) @executable_path/Frameworks";
				OTHER_LDFLAGS = "$(inherited)";
				PRODUCT_BUNDLE_IDENTIFIER = "Make-School.$(PRODUCT_NAME:rfc1034identifier)";
				PRODUCT_NAME = "$(TARGET_NAME)";
				SWIFT_OBJC_BRIDGING_HEADER = "Makestagram/Makestagram-Bridging-Header.h";
				SWIFT_OPTIMIZATION_LEVEL = "-Onone";
			};
			name = Debug;
		};
		62C8C2011B06BD6500DC3EA7 /* Release */ = {
			isa = XCBuildConfiguration;
			baseConfigurationReference = E90EF6307DCCDD1C8928B547 /* Pods-Makestagram.release.xcconfig */;
			buildSettings = {
				ASSETCATALOG_COMPILER_APPICON_NAME = AppIcon;
				CLANG_ENABLE_MODULES = YES;
				EMBEDDED_CONTENT_CONTAINS_SWIFT = "$(inherited)";
				FRAMEWORK_SEARCH_PATHS = "$(inherited)";
				INFOPLIST_FILE = Makestagram/Info.plist;
				IPHONEOS_DEPLOYMENT_TARGET = 9.1;
				LD_RUNPATH_SEARCH_PATHS = "$(inherited) @executable_path/Frameworks";
				OTHER_LDFLAGS = "$(inherited)";
				PRODUCT_BUNDLE_IDENTIFIER = "Make-School.$(PRODUCT_NAME:rfc1034identifier)";
				PRODUCT_NAME = "$(TARGET_NAME)";
				SWIFT_OBJC_BRIDGING_HEADER = "Makestagram/Makestagram-Bridging-Header.h";
			};
			name = Release;
		};
		62C8C2031B06BD6500DC3EA7 /* Debug */ = {
			isa = XCBuildConfiguration;
			baseConfigurationReference = 834FCE58AF54F93929465659 /* Pods-MakestagramTests.debug.xcconfig */;
			buildSettings = {
				BUNDLE_LOADER = "$(TEST_HOST)";
				FRAMEWORK_SEARCH_PATHS = (
					"$(SDKROOT)/Developer/Library/Frameworks",
					"$(inherited)",
				);
				GCC_PREPROCESSOR_DEFINITIONS = (
					"DEBUG=1",
					"$(inherited)",
				);
				INFOPLIST_FILE = MakestagramTests/Info.plist;
				LD_RUNPATH_SEARCH_PATHS = "$(inherited) @executable_path/Frameworks @loader_path/Frameworks";
				PRODUCT_BUNDLE_IDENTIFIER = "Make-School.$(PRODUCT_NAME:rfc1034identifier)";
				PRODUCT_NAME = "$(TARGET_NAME)";
				TEST_HOST = "$(BUILT_PRODUCTS_DIR)/Makestagram.app/Makestagram";
			};
			name = Debug;
		};
		62C8C2041B06BD6500DC3EA7 /* Release */ = {
			isa = XCBuildConfiguration;
			baseConfigurationReference = FF256A4E587B0B3A692AEB12 /* Pods-MakestagramTests.release.xcconfig */;
			buildSettings = {
				BUNDLE_LOADER = "$(TEST_HOST)";
				FRAMEWORK_SEARCH_PATHS = (
					"$(SDKROOT)/Developer/Library/Frameworks",
					"$(inherited)",
				);
				INFOPLIST_FILE = MakestagramTests/Info.plist;
				LD_RUNPATH_SEARCH_PATHS = "$(inherited) @executable_path/Frameworks @loader_path/Frameworks";
				PRODUCT_BUNDLE_IDENTIFIER = "Make-School.$(PRODUCT_NAME:rfc1034identifier)";
				PRODUCT_NAME = "$(TARGET_NAME)";
				TEST_HOST = "$(BUILT_PRODUCTS_DIR)/Makestagram.app/Makestagram";
			};
			name = Release;
		};
/* End XCBuildConfiguration section */

/* Begin XCConfigurationList section */
		62C8C1DB1B06BD6500DC3EA7 /* Build configuration list for PBXProject "Makestagram" */ = {
			isa = XCConfigurationList;
			buildConfigurations = (
				62C8C1FD1B06BD6500DC3EA7 /* Debug */,
				62C8C1FE1B06BD6500DC3EA7 /* Release */,
			);
			defaultConfigurationIsVisible = 0;
			defaultConfigurationName = Release;
		};
		62C8C1FF1B06BD6500DC3EA7 /* Build configuration list for PBXNativeTarget "Makestagram" */ = {
			isa = XCConfigurationList;
			buildConfigurations = (
				62C8C2001B06BD6500DC3EA7 /* Debug */,
				62C8C2011B06BD6500DC3EA7 /* Release */,
			);
			defaultConfigurationIsVisible = 0;
			defaultConfigurationName = Release;
		};
		62C8C2021B06BD6500DC3EA7 /* Build configuration list for PBXNativeTarget "MakestagramTests" */ = {
			isa = XCConfigurationList;
			buildConfigurations = (
				62C8C2031B06BD6500DC3EA7 /* Debug */,
				62C8C2041B06BD6500DC3EA7 /* Release */,
			);
			defaultConfigurationIsVisible = 0;
			defaultConfigurationName = Release;
		};
/* End XCConfigurationList section */
	};
	rootObject = 62C8C1D81B06BD6500DC3EA7 /* Project object */;
}
